
Microsoft Visual Studio Solution File, Format Version 12.00
# Visual Studio Version 17
VisualStudioVersion = 17.5.002.0
MinimumVisualStudioVersion = 10.0.40219.1
Project("{2150E333-8FDC-42A3-9474-1A3956D46DE8}") = "code", "code", "{AA25C23F-A29D-4484-99B9-B9A2CF9C43D3}"
EndProject
Project("{2150E333-8FDC-42A3-9474-1A3956D46DE8}") = "csharp", "csharp", "{E2620AE9-8A08-4A03-B646-5DD80888BE61}"
EndProject
Project("{9A19103F-16F7-4668-BE54-9A1E7A4F7556}") = "DesignPatterns", "code\csharp\DesignPatterns\DesignPatterns.csproj", "{1DC5F51E-7EFA-49D6-8F35-58FC3558523D}"
EndProject
Global
	GlobalSection(SolutionConfigurationPlatforms) = preSolution
		Debug|Any CPU = Debug|Any CPU
		Release|Any CPU = Release|Any CPU
	EndGlobalSection
	GlobalSection(ProjectConfigurationPlatforms) = postSolution
		{1DC5F51E-7EFA-49D6-8F35-58FC3558523D}.Debug|Any CPU.ActiveCfg = Debug|Any CPU
		{1DC5F51E-7EFA-49D6-8F35-58FC3558523D}.Debug|Any CPU.Build.0 = Debug|Any CPU
		{1DC5F51E-7EFA-49D6-8F35-58FC3558523D}.Release|Any CPU.ActiveCfg = Release|Any CPU
		{1DC5F51E-7EFA-49D6-8F35-58FC3558523D}.Release|Any CPU.Build.0 = Release|Any CPU
	EndGlobalSection
	GlobalSection(SolutionProperties) = preSolution
		HideSolutionNode = FALSE
	EndGlobalSection
	GlobalSection(NestedProjects) = preSolution
		{E2620AE9-8A08-4A03-B646-5DD80888BE61} = {AA25C23F-A29D-4484-99B9-B9A2CF9C43D3}
		{1DC5F51E-7EFA-49D6-8F35-58FC3558523D} = {E2620AE9-8A08-4A03-B646-5DD80888BE61}
	EndGlobalSection
	GlobalSection(ExtensibilityGlobals) = postSolution
		SolutionGuid = {500D443A-B4B0-44C2-84F5-2EEA8C77926E}
	EndGlobalSection
EndGlobal
